lockfileVersion: 5.3

specifiers:
  alive-node: link:../libs/alive-node
  box: link:../libs/box
  querybuilder: link:../libs/querybuilder
  schema: link:../libs/schema

dependencies:
  box: link:../libs/box
  querybuilder: link:../libs/querybuilder
  schema: link:../libs/schema

devDependencies:
  alive-node: link:../libs/alive-node
